
Microsoft Visual Studio Solution File, Format Version 12.00
# Visual Studio Version 16
VisualStudioVersion = 16.0.31702.278
MinimumVisualStudioVersion = 10.0.40219.1
Project("{FAE04EC0-301F-11D3-BF4B-00C04F79EFBC}") = "Game", "Game\Game.csproj", "{03B1E37B-3450-4DB6-9975-51B2BB2F99F3}"
EndProject
Global
	GlobalSection(SolutionConfigurationPlatforms) = preSolution
		Debug|Any CPU = Debug|Any CPU
		Release|Any CPU = Release|Any CPU
	EndGlobalSection
	GlobalSection(ProjectConfigurationPlatforms) = postSolution
		{03B1E37B-3450-4DB6-9975-51B2BB2F99F3}.Debug|Any CPU.ActiveCfg = Debug|Any CPU
		{03B1E37B-3450-4DB6-9975-51B2BB2F99F3}.Debug|Any CPU.Build.0 = Debug|Any CPU
		{03B1E37B-3450-4DB6-9975-51B2BB2F99F3}.Release|Any CPU.ActiveCfg = Release|Any CPU
		{03B1E37B-3450-4DB6-9975-51B2BB2F99F3}.Release|Any CPU.Build.0 = Release|Any CPU
	EndGlobalSection
	GlobalSection(SolutionProperties) = preSolution
		HideSolutionNode = FALSE
	EndGlobalSection
	GlobalSection(ExtensibilityGlobals) = postSolution
		SolutionGuid = {30FE0E08-88D4-4EDC-90F4-0388381AF9C3}
	EndGlobalSection
EndGlobal
